
Microsoft Visual Studio Solution File, Format Version 12.00
# Visual Studio Version 17
VisualStudioVersion = 17.4.33110.190
MinimumVisualStudioVersion = 10.0.40219.1
Project("{FAE04EC0-301F-11D3-BF4B-00C04F79EFBC}") = "Resultms", "Resultms\Resultms.csproj", "{F9F5F28F-7720-40B8-937E-0CE52E52849F}"
EndProject
Global
	GlobalSection(SolutionConfigurationPlatforms) = preSolution
		Debug|Any CPU = Debug|Any CPU
		Release|Any CPU = Release|Any CPU
	EndGlobalSection
	GlobalSection(ProjectConfigurationPlatforms) = postSolution
		{F9F5F28F-7720-40B8-937E-0CE52E52849F}.Debug|Any CPU.ActiveCfg = Debug|Any CPU
		{F9F5F28F-7720-40B8-937E-0CE52E52849F}.Debug|Any CPU.Build.0 = Debug|Any CPU
		{F9F5F28F-7720-40B8-937E-0CE52E52849F}.Release|Any CPU.ActiveCfg = Release|Any CPU
		{F9F5F28F-7720-40B8-937E-0CE52E52849F}.Release|Any CPU.Build.0 = Release|Any CPU
	EndGlobalSection
	GlobalSection(SolutionProperties) = preSolution
		HideSolutionNode = FALSE
	EndGlobalSection
	GlobalSection(ExtensibilityGlobals) = postSolution
		SolutionGuid = {A4322F60-762A-4E89-BDA0-5DFF03C21DBF}
	EndGlobalSection
EndGlobal
